
Microsoft Visual Studio Solution File, Format Version 12.00
# Visual Studio Version 16
VisualStudioVersion = 16.0.30413.136
MinimumVisualStudioVersion = 10.0.40219.1
Project("{FAE04EC0-301F-11D3-BF4B-00C04F79EFBC}") = "LojaDesporto", "LojaDesporto\LojaDesporto.csproj", "{5936284D-00D7-48CB-8F6E-90E0BD244C4E}"
EndProject
Global
	GlobalSection(SolutionConfigurationPlatforms) = preSolution
		Debug|Any CPU = Debug|Any CPU
		Release|Any CPU = Release|Any CPU
	EndGlobalSection
	GlobalSection(ProjectConfigurationPlatforms) = postSolution
		{5936284D-00D7-48CB-8F6E-90E0BD244C4E}.Debug|Any CPU.ActiveCfg = Debug|Any CPU
		{5936284D-00D7-48CB-8F6E-90E0BD244C4E}.Debug|Any CPU.Build.0 = Debug|Any CPU
		{5936284D-00D7-48CB-8F6E-90E0BD244C4E}.Release|Any CPU.ActiveCfg = Release|Any CPU
		{5936284D-00D7-48CB-8F6E-90E0BD244C4E}.Release|Any CPU.Build.0 = Release|Any CPU
	EndGlobalSection
	GlobalSection(SolutionProperties) = preSolution
		HideSolutionNode = FALSE
	EndGlobalSection
	GlobalSection(ExtensibilityGlobals) = postSolution
		SolutionGuid = {F5163958-6451-4812-8C7E-299332E68988}
	EndGlobalSection
EndGlobal
